
Microsoft Visual Studio Solution File, Format Version 12.00
# Visual Studio Version 17
VisualStudioVersion = 17.8.34511.84
MinimumVisualStudioVersion = 10.0.40219.1
Project("{FAE04EC0-301F-11D3-BF4B-00C04F79EFBC}") = "Dominio", "Dominio\Dominio.csproj", "{ECEF9FFD-76B8-4E5D-A42E-8666C5288240}"
EndProject
Project("{FAE04EC0-301F-11D3-BF4B-00C04F79EFBC}") = "Infra", "Infra\Infra.csproj", "{95B48A7E-3785-4017-9DF7-5702089C5E1C}"
EndProject
Project("{FAE04EC0-301F-11D3-BF4B-00C04F79EFBC}") = "Web", "Web\Web.csproj", "{0D2C7F18-E695-49E2-B4C6-490F105BE1B0}"
EndProject
Global
	GlobalSection(SolutionConfigurationPlatforms) = preSolution
		Debug|Any CPU = Debug|Any CPU
		Release|Any CPU = Release|Any CPU
	EndGlobalSection
	GlobalSection(ProjectConfigurationPlatforms) = postSolution
		{ECEF9FFD-76B8-4E5D-A42E-8666C5288240}.Debug|Any CPU.ActiveCfg = Debug|Any CPU
		{ECEF9FFD-76B8-4E5D-A42E-8666C5288240}.Debug|Any CPU.Build.0 = Debug|Any CPU
		{ECEF9FFD-76B8-4E5D-A42E-8666C5288240}.Release|Any CPU.ActiveCfg = Release|Any CPU
		{ECEF9FFD-76B8-4E5D-A42E-8666C5288240}.Release|Any CPU.Build.0 = Release|Any CPU
		{95B48A7E-3785-4017-9DF7-5702089C5E1C}.Debug|Any CPU.ActiveCfg = Debug|Any CPU
		{95B48A7E-3785-4017-9DF7-5702089C5E1C}.Debug|Any CPU.Build.0 = Debug|Any CPU
		{95B48A7E-3785-4017-9DF7-5702089C5E1C}.Release|Any CPU.ActiveCfg = Release|Any CPU
		{95B48A7E-3785-4017-9DF7-5702089C5E1C}.Release|Any CPU.Build.0 = Release|Any CPU
		{0D2C7F18-E695-49E2-B4C6-490F105BE1B0}.Debug|Any CPU.ActiveCfg = Debug|Any CPU
		{0D2C7F18-E695-49E2-B4C6-490F105BE1B0}.Debug|Any CPU.Build.0 = Debug|Any CPU
		{0D2C7F18-E695-49E2-B4C6-490F105BE1B0}.Release|Any CPU.ActiveCfg = Release|Any CPU
		{0D2C7F18-E695-49E2-B4C6-490F105BE1B0}.Release|Any CPU.Build.0 = Release|Any CPU
	EndGlobalSection
	GlobalSection(SolutionProperties) = preSolution
		HideSolutionNode = FALSE
	EndGlobalSection
	GlobalSection(ExtensibilityGlobals) = postSolution
		SolutionGuid = {4A346091-0D49-4FC0-8AAC-F81E3896A7F6}
	EndGlobalSection
EndGlobal
